{
  "name": "ajson_mirror",
  "version": "1.0.0",
  "lockfileVersion": 1,
  "requires": true,
  "dependencies": {
    "@abaplint/cli": {
      "version": "2.79.9",
      "resolved": "https://registry.npmjs.org/@abaplint/cli/-/cli-2.79.9.tgz",
      "integrity": "sha512-WbMwDWepLMjiOxclk/IqSCfMuK3DroQAQCSbCYMocCZk75QHHBCSKx0D3xEyfhceUA6ewbRT4MPpwpoxUG+S4w=="
    }
  }
}
