{
  "name": "ajson_mirror",
  "version": "1.0.0",
  "lockfileVersion": 2,
  "requires": true,
  "packages": {
    "": {
      "name": "ajson_mirror",
      "version": "1.0.0",
      "license": "MIT",
      "dependencies": {
        "@abaplint/cli": "^2.119.51"
      }
    },
    "node_modules/@abaplint/cli": {
      "version": "2.119.51",
      "resolved": "https://registry.npmjs.org/@abaplint/cli/-/cli-2.119.51.tgz",
      "integrity": "sha512-dyXS8CS6HFty9g6Pqe373kvIk5JEtk6srIYv5UzBB2yUJLpJlSlGGGs5D4jC4gLl9BD5KghKjwWrDIB4AZVwaA==",
      "bin": {
        "abaplint": "abaplint"
      },
      "engines": {
        "node": ">=18.0.0"
      },
      "funding": {
        "url": "https://github.com/sponsors/larshp"
      }
    }
  },
  "dependencies": {
    "@abaplint/cli": {
      "version": "2.119.51",
      "resolved": "https://registry.npmjs.org/@abaplint/cli/-/cli-2.119.51.tgz",
      "integrity": "sha512-dyXS8CS6HFty9g6Pqe373kvIk5JEtk6srIYv5UzBB2yUJLpJlSlGGGs5D4jC4gLl9BD5KghKjwWrDIB4AZVwaA=="
    }
  }
}
