{
  "name": "ajson_mirror",
  "version": "1.0.0",
  "lockfileVersion": 1,
  "requires": true,
  "dependencies": {
    "@abaplint/cli": {
      "version": "2.61.5",
      "resolved": "https://registry.npmjs.org/@abaplint/cli/-/cli-2.61.5.tgz",
      "integrity": "sha512-IO4fweIFFJku1Epyi+SJ+EA7L0CgnQKvY2NbTmqUlhRkn5Sq0bI6fym9P11B9oaosqRZKePfM3ujQUqlca7YlA=="
    }
  }
}
